
Microsoft Visual Studio Solution File, Format Version 12.00
# Visual Studio Version 17
VisualStudioVersion = 17.9.34701.34
MinimumVisualStudioVersion = 10.0.40219.1
Project("{2150E333-8FDC-42A3-9474-1A3956D46DE8}") = "src", "src", "{77A1D690-F805-4BE3-8779-821BA0E633A4}"
EndProject
Project("{2150E333-8FDC-42A3-9474-1A3956D46DE8}") = "services", "services", "{E7E261CF-4674-453C-9768-2D1887FDCBD0}"
EndProject
Project("{2150E333-8FDC-42A3-9474-1A3956D46DE8}") = "OrderService", "OrderService", "{039640B3-4BC8-49CE-AFC3-CE7F483C0236}"
EndProject
Project("{2150E333-8FDC-42A3-9474-1A3956D46DE8}") = "StockService", "StockService", "{36026530-0BFE-4575-91A8-72EF483D8EC4}"
EndProject
Project("{2150E333-8FDC-42A3-9474-1A3956D46DE8}") = "PaymentService", "PaymentService", "{770D3E27-C8AD-4139-A633-F522D10A7D10}"
EndProject
Project("{2150E333-8FDC-42A3-9474-1A3956D46DE8}") = "UI", "UI", "{D0B6EA43-10B4-478C-AD43-44CA7E516D56}"
EndProject
Project("{9A19103F-16F7-4668-BE54-9A1E7A4F7556}") = "Order.Api", "src\services\OrderService\Order.Api\Order.Api.csproj", "{D01FDB28-DBF6-4A98-AA5F-55040C4AB0D2}"
EndProject
Project("{9A19103F-16F7-4668-BE54-9A1E7A4F7556}") = "Stock.Api", "src\services\StockService\Stock.Api\Stock.Api.csproj", "{AA3B3E11-6F67-48C7-A027-5A7598F8B3B8}"
EndProject
Project("{9A19103F-16F7-4668-BE54-9A1E7A4F7556}") = "Payment.Api", "src\services\PaymentService\Payment.Api\Payment.Api.csproj", "{BE9D3396-965F-48DC-A266-5BF646240B68}"
EndProject
Project("{2150E333-8FDC-42A3-9474-1A3956D46DE8}") = "shared", "shared", "{BDF3F4C5-93D6-4CD6-998C-846C71D06B93}"
EndProject
Project("{9A19103F-16F7-4668-BE54-9A1E7A4F7556}") = "Shared", "src\Shared\Shared\Shared.csproj", "{844D64C8-7FB1-4B12-955B-73B76B553C3A}"
EndProject
Project("{2150E333-8FDC-42A3-9474-1A3956D46DE8}") = "Workers", "Workers", "{BD2AE529-DC10-473C-8E0A-21D1222AFDFE}"
EndProject
Project("{FAE04EC0-301F-11D3-BF4B-00C04F79EFBC}") = "SagaStateMachineWorkerService", "src\services\Workers\SagaStateMachineWorkerService\SagaStateMachineWorkerService.csproj", "{14261676-097B-4590-83BB-FCC1205DCD49}"
EndProject
Global
	GlobalSection(SolutionConfigurationPlatforms) = preSolution
		Debug|Any CPU = Debug|Any CPU
		Release|Any CPU = Release|Any CPU
	EndGlobalSection
	GlobalSection(ProjectConfigurationPlatforms) = postSolution
		{D01FDB28-DBF6-4A98-AA5F-55040C4AB0D2}.Debug|Any CPU.ActiveCfg = Debug|Any CPU
		{D01FDB28-DBF6-4A98-AA5F-55040C4AB0D2}.Debug|Any CPU.Build.0 = Debug|Any CPU
		{D01FDB28-DBF6-4A98-AA5F-55040C4AB0D2}.Release|Any CPU.ActiveCfg = Release|Any CPU
		{D01FDB28-DBF6-4A98-AA5F-55040C4AB0D2}.Release|Any CPU.Build.0 = Release|Any CPU
		{AA3B3E11-6F67-48C7-A027-5A7598F8B3B8}.Debug|Any CPU.ActiveCfg = Debug|Any CPU
		{AA3B3E11-6F67-48C7-A027-5A7598F8B3B8}.Debug|Any CPU.Build.0 = Debug|Any CPU
		{AA3B3E11-6F67-48C7-A027-5A7598F8B3B8}.Release|Any CPU.ActiveCfg = Release|Any CPU
		{AA3B3E11-6F67-48C7-A027-5A7598F8B3B8}.Release|Any CPU.Build.0 = Release|Any CPU
		{BE9D3396-965F-48DC-A266-5BF646240B68}.Debug|Any CPU.ActiveCfg = Debug|Any CPU
		{BE9D3396-965F-48DC-A266-5BF646240B68}.Debug|Any CPU.Build.0 = Debug|Any CPU
		{BE9D3396-965F-48DC-A266-5BF646240B68}.Release|Any CPU.ActiveCfg = Release|Any CPU
		{BE9D3396-965F-48DC-A266-5BF646240B68}.Release|Any CPU.Build.0 = Release|Any CPU
		{844D64C8-7FB1-4B12-955B-73B76B553C3A}.Debug|Any CPU.ActiveCfg = Debug|Any CPU
		{844D64C8-7FB1-4B12-955B-73B76B553C3A}.Debug|Any CPU.Build.0 = Debug|Any CPU
		{844D64C8-7FB1-4B12-955B-73B76B553C3A}.Release|Any CPU.ActiveCfg = Release|Any CPU
		{844D64C8-7FB1-4B12-955B-73B76B553C3A}.Release|Any CPU.Build.0 = Release|Any CPU
		{14261676-097B-4590-83BB-FCC1205DCD49}.Debug|Any CPU.ActiveCfg = Debug|Any CPU
		{14261676-097B-4590-83BB-FCC1205DCD49}.Debug|Any CPU.Build.0 = Debug|Any CPU
		{14261676-097B-4590-83BB-FCC1205DCD49}.Release|Any CPU.ActiveCfg = Release|Any CPU
		{14261676-097B-4590-83BB-FCC1205DCD49}.Release|Any CPU.Build.0 = Release|Any CPU
	EndGlobalSection
	GlobalSection(SolutionProperties) = preSolution
		HideSolutionNode = FALSE
	EndGlobalSection
	GlobalSection(NestedProjects) = preSolution
		{E7E261CF-4674-453C-9768-2D1887FDCBD0} = {77A1D690-F805-4BE3-8779-821BA0E633A4}
		{039640B3-4BC8-49CE-AFC3-CE7F483C0236} = {E7E261CF-4674-453C-9768-2D1887FDCBD0}
		{36026530-0BFE-4575-91A8-72EF483D8EC4} = {E7E261CF-4674-453C-9768-2D1887FDCBD0}
		{770D3E27-C8AD-4139-A633-F522D10A7D10} = {E7E261CF-4674-453C-9768-2D1887FDCBD0}
		{D0B6EA43-10B4-478C-AD43-44CA7E516D56} = {E7E261CF-4674-453C-9768-2D1887FDCBD0}
		{D01FDB28-DBF6-4A98-AA5F-55040C4AB0D2} = {039640B3-4BC8-49CE-AFC3-CE7F483C0236}
		{AA3B3E11-6F67-48C7-A027-5A7598F8B3B8} = {36026530-0BFE-4575-91A8-72EF483D8EC4}
		{BE9D3396-965F-48DC-A266-5BF646240B68} = {770D3E27-C8AD-4139-A633-F522D10A7D10}
		{BDF3F4C5-93D6-4CD6-998C-846C71D06B93} = {77A1D690-F805-4BE3-8779-821BA0E633A4}
		{844D64C8-7FB1-4B12-955B-73B76B553C3A} = {BDF3F4C5-93D6-4CD6-998C-846C71D06B93}
		{BD2AE529-DC10-473C-8E0A-21D1222AFDFE} = {E7E261CF-4674-453C-9768-2D1887FDCBD0}
		{14261676-097B-4590-83BB-FCC1205DCD49} = {BD2AE529-DC10-473C-8E0A-21D1222AFDFE}
	EndGlobalSection
	GlobalSection(ExtensibilityGlobals) = postSolution
		SolutionGuid = {7AAB5637-51FC-49C5-8B85-4B7E7F41573C}
	EndGlobalSection
EndGlobal
